
Microsoft Visual Studio Solution File, Format Version 12.00
# Visual Studio Version 16
VisualStudioVersion = 16.0.31205.134
MinimumVisualStudioVersion = 10.0.40219.1
Project("{FAE04EC0-301F-11D3-BF4B-00C04F79EFBC}") = "TesteCRUD", "TesteCRUD\TesteCRUD.csproj", "{0966A281-C4E6-431B-A86A-F55F7C01425B}"
EndProject
Global
	GlobalSection(SolutionConfigurationPlatforms) = preSolution
		Debug|Any CPU = Debug|Any CPU
		Release|Any CPU = Release|Any CPU
	EndGlobalSection
	GlobalSection(ProjectConfigurationPlatforms) = postSolution
		{0966A281-C4E6-431B-A86A-F55F7C01425B}.Debug|Any CPU.ActiveCfg = Debug|Any CPU
		{0966A281-C4E6-431B-A86A-F55F7C01425B}.Debug|Any CPU.Build.0 = Debug|Any CPU
		{0966A281-C4E6-431B-A86A-F55F7C01425B}.Release|Any CPU.ActiveCfg = Release|Any CPU
		{0966A281-C4E6-431B-A86A-F55F7C01425B}.Release|Any CPU.Build.0 = Release|Any CPU
	EndGlobalSection
	GlobalSection(SolutionProperties) = preSolution
		HideSolutionNode = FALSE
	EndGlobalSection
	GlobalSection(ExtensibilityGlobals) = postSolution
		SolutionGuid = {3844AE3F-B4C3-4D9D-B2FD-53B91BC066DA}
	EndGlobalSection
EndGlobal
